// !$*UTF8*$!
{
	archiveVersion = 1;
	classes = {
	};
	objectVersion = 55;
	objects = {

/* Begin PBXBuildFile section */
		5DD80ED7270AEA42006ADDFA /* Array+ByteIndexable.swift in Sources */ = {isa = PBXBuildFile; fileRef = 5DD80ED6270AEA42006ADDFA /* Array+ByteIndexable.swift */; };
		5DD80ED9270AEA4F006ADDFA /* Array+WordIndexable.swift in Sources */ = {isa = PBXBuildFile; fileRef = 5DD80ED8270AEA4F006ADDFA /* Array+WordIndexable.swift */; };
		5DD80EDB270AF29A006ADDFA /* UInt16.swift in Sources */ = {isa = PBXBuildFile; fileRef = 5DD80EDA270AF29A006ADDFA /* UInt16.swift */; };
		5DD80EDD270B0782006ADDFA /* EmulationError.swift in Sources */ = {isa = PBXBuildFile; fileRef = 5DD80EDC270B0782006ADDFA /* EmulationError.swift */; };
		5DD80EDF270B1966006ADDFA /* SWIP8EmulatorDrawTests.swift in Sources */ = {isa = PBXBuildFile; fileRef = 5DD80EDE270B1966006ADDFA /* SWIP8EmulatorDrawTests.swift */; };
		5DD80EE1270B2D32006ADDFA /* InstructionCode.swift in Sources */ = {isa = PBXBuildFile; fileRef = 5DD80EE0270B2D32006ADDFA /* InstructionCode.swift */; };
		5DD80EEB270BA3F8006ADDFA /* SWIP8KeyboardTests.swift in Sources */ = {isa = PBXBuildFile; fileRef = 5DD80EEA270BA3F7006ADDFA /* SWIP8KeyboardTests.swift */; };
		5DD80EED270BA520006ADDFA /* SWIP8ArithmeticTests.swift in Sources */ = {isa = PBXBuildFile; fileRef = 5DD80EEC270BA520006ADDFA /* SWIP8ArithmeticTests.swift */; };
		5DD80EF0270BA821006ADDFA /* UIColor.swift in Sources */ = {isa = PBXBuildFile; fileRef = 5DD80EEE270BA820006ADDFA /* UIColor.swift */; };
		5DD80EF1270BA821006ADDFA /* BitScreenView.swift in Sources */ = {isa = PBXBuildFile; fileRef = 5DD80EEF270BA820006ADDFA /* BitScreenView.swift */; };
		5DD80EF3270BAF13006ADDFA /* SWIP8SubroutineTests.swift in Sources */ = {isa = PBXBuildFile; fileRef = 5DD80EF2270BAF13006ADDFA /* SWIP8SubroutineTests.swift */; };
		5DD80EF5270BB1C8006ADDFA /* SWIP8SkipTests.swift in Sources */ = {isa = PBXBuildFile; fileRef = 5DD80EF4270BB1C8006ADDFA /* SWIP8SkipTests.swift */; };
		5DD80EF7270BB3C1006ADDFA /* SWIP8RegisterTests.swift in Sources */ = {isa = PBXBuildFile; fileRef = 5DD80EF6270BB3C1006ADDFA /* SWIP8RegisterTests.swift */; };
		5DD80EF9270BB51B006ADDFA /* SWIP8IndexTests.swift in Sources */ = {isa = PBXBuildFile; fileRef = 5DD80EF8270BB51B006ADDFA /* SWIP8IndexTests.swift */; };
		5DD80EFB270C213C006ADDFA /* SWIP8JumpTests.swift in Sources */ = {isa = PBXBuildFile; fileRef = 5DD80EFA270C213C006ADDFA /* SWIP8JumpTests.swift */; };
		5DD80EFD270C2602006ADDFA /* SWIP8RandomTests.swift in Sources */ = {isa = PBXBuildFile; fileRef = 5DD80EFC270C2602006ADDFA /* SWIP8RandomTests.swift */; };
		5DEABB492709C960007AB419 /* AppDelegate.swift in Sources */ = {isa = PBXBuildFile; fileRef = 5DEABB482709C960007AB419 /* AppDelegate.swift */; };
		5DEABB4B2709C960007AB419 /* SceneDelegate.swift in Sources */ = {isa = PBXBuildFile; fileRef = 5DEABB4A2709C960007AB419 /* SceneDelegate.swift */; };
		5DEABB4D2709C960007AB419 /* ViewController.swift in Sources */ = {isa = PBXBuildFile; fileRef = 5DEABB4C2709C960007AB419 /* ViewController.swift */; };
		5DEABB502709C960007AB419 /* Main.storyboard in Resources */ = {isa = PBXBuildFile; fileRef = 5DEABB4E2709C960007AB419 /* Main.storyboard */; };
		5DEABB522709C964007AB419 /* Assets.xcassets in Resources */ = {isa = PBXBuildFile; fileRef = 5DEABB512709C964007AB419 /* Assets.xcassets */; };
		5DEABB552709C964007AB419 /* LaunchScreen.storyboard in Resources */ = {isa = PBXBuildFile; fileRef = 5DEABB532709C964007AB419 /* LaunchScreen.storyboard */; };
		5DEABB632709D3A0007AB419 /* SWIP8InstructionTests.swift in Sources */ = {isa = PBXBuildFile; fileRef = 5DEABB622709D3A0007AB419 /* SWIP8InstructionTests.swift */; };
		5DEABB6B2709D713007AB419 /* Emulator.swift in Sources */ = {isa = PBXBuildFile; fileRef = 5DEABB6A2709D713007AB419 /* Emulator.swift */; };
		5DEABB6D2709D769007AB419 /* Instruction.swift in Sources */ = {isa = PBXBuildFile; fileRef = 5DEABB6C2709D769007AB419 /* Instruction.swift */; };
		5DEABB71270A0D69007AB419 /* SWIP8ExtendedTests.swift in Sources */ = {isa = PBXBuildFile; fileRef = 5DEABB70270A0D69007AB419 /* SWIP8ExtendedTests.swift */; };
		5DEABB73270A30EF007AB419 /* SWIP8EmulatorLoadTests.swift in Sources */ = {isa = PBXBuildFile; fileRef = 5DEABB72270A30EF007AB419 /* SWIP8EmulatorLoadTests.swift */; };
/* End PBXBuildFile section */

/* Begin PBXContainerItemProxy section */
		5DEABB642709D3A0007AB419 /* PBXContainerItemProxy */ = {
			isa = PBXContainerItemProxy;
			containerPortal = 5DEABB3D2709C960007AB419 /* Project object */;
			proxyType = 1;
			remoteGlobalIDString = 5DEABB442709C960007AB419;
			remoteInfo = SWIP8;
		};
/* End PBXContainerItemProxy section */

/* Begin PBXFileReference section */
		5DD80ED6270AEA42006ADDFA /* Array+ByteIndexable.swift */ = {isa = PBXFileReference; lastKnownFileType = sourcecode.swift; path = "Array+ByteIndexable.swift"; sourceTree = "<group>"; };
		5DD80ED8270AEA4F006ADDFA /* Array+WordIndexable.swift */ = {isa = PBXFileReference; lastKnownFileType = sourcecode.swift; path = "Array+WordIndexable.swift"; sourceTree = "<group>"; };
		5DD80EDA270AF29A006ADDFA /* UInt16.swift */ = {isa = PBXFileReference; lastKnownFileType = sourcecode.swift; path = UInt16.swift; sourceTree = "<group>"; };
		5DD80EDC270B0782006ADDFA /* EmulationError.swift */ = {isa = PBXFileReference; lastKnownFileType = sourcecode.swift; path = EmulationError.swift; sourceTree = "<group>"; };
		5DD80EDE270B1966006ADDFA /* SWIP8EmulatorDrawTests.swift */ = {isa = PBXFileReference; lastKnownFileType = sourcecode.swift; path = SWIP8EmulatorDrawTests.swift; sourceTree = "<group>"; };
		5DD80EE0270B2D32006ADDFA /* InstructionCode.swift */ = {isa = PBXFileReference; lastKnownFileType = sourcecode.swift; path = InstructionCode.swift; sourceTree = "<group>"; };
		5DD80EEA270BA3F7006ADDFA /* SWIP8KeyboardTests.swift */ = {isa = PBXFileReference; fileEncoding = 4; lastKnownFileType = sourcecode.swift; path = SWIP8KeyboardTests.swift; sourceTree = "<group>"; };
		5DD80EEC270BA520006ADDFA /* SWIP8ArithmeticTests.swift */ = {isa = PBXFileReference; fileEncoding = 4; lastKnownFileType = sourcecode.swift; path = SWIP8ArithmeticTests.swift; sourceTree = "<group>"; };
		5DD80EEE270BA820006ADDFA /* UIColor.swift */ = {isa = PBXFileReference; fileEncoding = 4; lastKnownFileType = sourcecode.swift; path = UIColor.swift; sourceTree = "<group>"; };
		5DD80EEF270BA820006ADDFA /* BitScreenView.swift */ = {isa = PBXFileReference; fileEncoding = 4; lastKnownFileType = sourcecode.swift; path = BitScreenView.swift; sourceTree = "<group>"; };
		5DD80EF2270BAF13006ADDFA /* SWIP8SubroutineTests.swift */ = {isa = PBXFileReference; lastKnownFileType = sourcecode.swift; path = SWIP8SubroutineTests.swift; sourceTree = "<group>"; };
		5DD80EF4270BB1C8006ADDFA /* SWIP8SkipTests.swift */ = {isa = PBXFileReference; lastKnownFileType = sourcecode.swift; path = SWIP8SkipTests.swift; sourceTree = "<group>"; };
		5DD80EF6270BB3C1006ADDFA /* SWIP8RegisterTests.swift */ = {isa = PBXFileReference; lastKnownFileType = sourcecode.swift; path = SWIP8RegisterTests.swift; sourceTree = "<group>"; };
		5DD80EF8270BB51B006ADDFA /* SWIP8IndexTests.swift */ = {isa = PBXFileReference; lastKnownFileType = sourcecode.swift; path = SWIP8IndexTests.swift; sourceTree = "<group>"; };
		5DD80EFA270C213C006ADDFA /* SWIP8JumpTests.swift */ = {isa = PBXFileReference; lastKnownFileType = sourcecode.swift; path = SWIP8JumpTests.swift; sourceTree = "<group>"; };
		5DD80EFC270C2602006ADDFA /* SWIP8RandomTests.swift */ = {isa = PBXFileReference; lastKnownFileType = sourcecode.swift; path = SWIP8RandomTests.swift; sourceTree = "<group>"; };
		5DEABB452709C960007AB419 /* SWIP8.app */ = {isa = PBXFileReference; explicitFileType = wrapper.application; includeInIndex = 0; path = SWIP8.app; sourceTree = BUILT_PRODUCTS_DIR; };
		5DEABB482709C960007AB419 /* AppDelegate.swift */ = {isa = PBXFileReference; lastKnownFileType = sourcecode.swift; path = AppDelegate.swift; sourceTree = "<group>"; };
		5DEABB4A2709C960007AB419 /* SceneDelegate.swift */ = {isa = PBXFileReference; lastKnownFileType = sourcecode.swift; path = SceneDelegate.swift; sourceTree = "<group>"; };
		5DEABB4C2709C960007AB419 /* ViewController.swift */ = {isa = PBXFileReference; lastKnownFileType = sourcecode.swift; path = ViewController.swift; sourceTree = "<group>"; };
		5DEABB4F2709C960007AB419 /* Base */ = {isa = PBXFileReference; lastKnownFileType = file.storyboard; name = Base; path = Base.lproj/Main.storyboard; sourceTree = "<group>"; };
		5DEABB512709C964007AB419 /* Assets.xcassets */ = {isa = PBXFileReference; lastKnownFileType = folder.assetcatalog; path = Assets.xcassets; sourceTree = "<group>"; };
		5DEABB542709C964007AB419 /* Base */ = {isa = PBXFileReference; lastKnownFileType = file.storyboard; name = Base; path = Base.lproj/LaunchScreen.storyboard; sourceTree = "<group>"; };
		5DEABB562709C964007AB419 /* Info.plist */ = {isa = PBXFileReference; lastKnownFileType = text.plist.xml; path = Info.plist; sourceTree = "<group>"; };
		5DEABB602709D3A0007AB419 /* SWIP8Tests.xctest */ = {isa = PBXFileReference; explicitFileType = wrapper.cfbundle; includeInIndex = 0; path = SWIP8Tests.xctest; sourceTree = BUILT_PRODUCTS_DIR; };
		5DEABB622709D3A0007AB419 /* SWIP8InstructionTests.swift */ = {isa = PBXFileReference; lastKnownFileType = sourcecode.swift; path = SWIP8InstructionTests.swift; sourceTree = "<group>"; };
		5DEABB6A2709D713007AB419 /* Emulator.swift */ = {isa = PBXFileReference; lastKnownFileType = sourcecode.swift; path = Emulator.swift; sourceTree = "<group>"; };
		5DEABB6C2709D769007AB419 /* Instruction.swift */ = {isa = PBXFileReference; lastKnownFileType = sourcecode.swift; path = Instruction.swift; sourceTree = "<group>"; };
		5DEABB70270A0D69007AB419 /* SWIP8ExtendedTests.swift */ = {isa = PBXFileReference; lastKnownFileType = sourcecode.swift; path = SWIP8ExtendedTests.swift; sourceTree = "<group>"; };
		5DEABB72270A30EF007AB419 /* SWIP8EmulatorLoadTests.swift */ = {isa = PBXFileReference; lastKnownFileType = sourcecode.swift; path = SWIP8EmulatorLoadTests.swift; sourceTree = "<group>"; };
/* End PBXFileReference section */

/* Begin PBXFrameworksBuildPhase section */
		5DEABB422709C960007AB419 /* Frameworks */ = {
			isa = PBXFrameworksBuildPhase;
			buildActionMask = 2147483647;
			files = (
			);
			runOnlyForDeploymentPostprocessing = 0;
		};
		5DEABB5D2709D3A0007AB419 /* Frameworks */ = {
			isa = PBXFrameworksBuildPhase;
			buildActionMask = 2147483647;
			files = (
			);
			runOnlyForDeploymentPostprocessing = 0;
		};
/* End PBXFrameworksBuildPhase section */

/* Begin PBXGroup section */
		5DEABB3C2709C960007AB419 = {
			isa = PBXGroup;
			children = (
				5DEABB472709C960007AB419 /* SWIP8 */,
				5DEABB612709D3A0007AB419 /* SWIP8Tests */,
				5DEABB462709C960007AB419 /* Products */,
			);
			sourceTree = "<group>";
		};
		5DEABB462709C960007AB419 /* Products */ = {
			isa = PBXGroup;
			children = (
				5DEABB452709C960007AB419 /* SWIP8.app */,
				5DEABB602709D3A0007AB419 /* SWIP8Tests.xctest */,
			);
			name = Products;
			sourceTree = "<group>";
		};
		5DEABB472709C960007AB419 /* SWIP8 */ = {
			isa = PBXGroup;
			children = (
				5DEABB562709C964007AB419 /* Info.plist */,
				5DEABB482709C960007AB419 /* AppDelegate.swift */,
				5DD80ED6270AEA42006ADDFA /* Array+ByteIndexable.swift */,
				5DD80ED8270AEA4F006ADDFA /* Array+WordIndexable.swift */,
				5DD80EEF270BA820006ADDFA /* BitScreenView.swift */,
				5DEABB4A2709C960007AB419 /* SceneDelegate.swift */,
				5DD80EEE270BA820006ADDFA /* UIColor.swift */,
				5DD80EDA270AF29A006ADDFA /* UInt16.swift */,
				5DEABB4C2709C960007AB419 /* ViewController.swift */,
				5DEABB512709C964007AB419 /* Assets.xcassets */,
				5DEABB692709D700007AB419 /* Emulator */,
				5DEABB532709C964007AB419 /* LaunchScreen.storyboard */,
				5DEABB4E2709C960007AB419 /* Main.storyboard */,
			);
			path = SWIP8;
			sourceTree = "<group>";
		};
		5DEABB612709D3A0007AB419 /* SWIP8Tests */ = {
			isa = PBXGroup;
			children = (
				5DD80EEC270BA520006ADDFA /* SWIP8ArithmeticTests.swift */,
				5DD80EDE270B1966006ADDFA /* SWIP8EmulatorDrawTests.swift */,
				5DEABB70270A0D69007AB419 /* SWIP8ExtendedTests.swift */,
				5DEABB72270A30EF007AB419 /* SWIP8EmulatorLoadTests.swift */,
				5DEABB622709D3A0007AB419 /* SWIP8InstructionTests.swift */,
				5DD80EEA270BA3F7006ADDFA /* SWIP8KeyboardTests.swift */,
				5DD80EF2270BAF13006ADDFA /* SWIP8SubroutineTests.swift */,
				5DD80EF4270BB1C8006ADDFA /* SWIP8SkipTests.swift */,
				5DD80EF6270BB3C1006ADDFA /* SWIP8RegisterTests.swift */,
				5DD80EF8270BB51B006ADDFA /* SWIP8IndexTests.swift */,
				5DD80EFA270C213C006ADDFA /* SWIP8JumpTests.swift */,
				5DD80EFC270C2602006ADDFA /* SWIP8RandomTests.swift */,
			);
			path = SWIP8Tests;
			sourceTree = "<group>";
		};
		5DEABB692709D700007AB419 /* Emulator */ = {
			isa = PBXGroup;
			children = (
				5DD80EDC270B0782006ADDFA /* EmulationError.swift */,
				5DEABB6A2709D713007AB419 /* Emulator.swift */,
				5DEABB6C2709D769007AB419 /* Instruction.swift */,
				5DD80EE0270B2D32006ADDFA /* InstructionCode.swift */,
			);
			path = Emulator;
			sourceTree = "<group>";
		};
/* End PBXGroup section */

/* Begin PBXNativeTarget section */
		5DEABB442709C960007AB419 /* SWIP8 */ = {
			isa = PBXNativeTarget;
			buildConfigurationList = 5DEABB592709C964007AB419 /* Build configuration list for PBXNativeTarget "SWIP8" */;
			buildPhases = (
				5DEABB412709C960007AB419 /* Sources */,
				5DEABB422709C960007AB419 /* Frameworks */,
				5DEABB432709C960007AB419 /* Resources */,
			);
			buildRules = (
			);
			dependencies = (
			);
			name = SWIP8;
			productName = SWIP8;
			productReference = 5DEABB452709C960007AB419 /* SWIP8.app */;
			productType = "com.apple.product-type.application";
		};
		5DEABB5F2709D3A0007AB419 /* SWIP8Tests */ = {
			isa = PBXNativeTarget;
			buildConfigurationList = 5DEABB662709D3A0007AB419 /* Build configuration list for PBXNativeTarget "SWIP8Tests" */;
			buildPhases = (
				5DEABB5C2709D3A0007AB419 /* Sources */,
				5DEABB5D2709D3A0007AB419 /* Frameworks */,
				5DEABB5E2709D3A0007AB419 /* Resources */,
			);
			buildRules = (
			);
			dependencies = (
				5DEABB652709D3A0007AB419 /* PBXTargetDependency */,
			);
			name = SWIP8Tests;
			productName = SWIP8Tests;
			productReference = 5DEABB602709D3A0007AB419 /* SWIP8Tests.xctest */;
			productType = "com.apple.product-type.bundle.unit-test";
		};
/* End PBXNativeTarget section */

/* Begin PBXProject section */
		5DEABB3D2709C960007AB419 /* Project object */ = {
			isa = PBXProject;
			attributes = {
				BuildIndependentTargetsInParallel = 1;
				LastSwiftUpdateCheck = 1300;
				LastUpgradeCheck = 1300;
				TargetAttributes = {
					5DEABB442709C960007AB419 = {
						CreatedOnToolsVersion = 13.0;
					};
					5DEABB5F2709D3A0007AB419 = {
						CreatedOnToolsVersion = 13.0;
						TestTargetID = 5DEABB442709C960007AB419;
					};
				};
			};
			buildConfigurationList = 5DEABB402709C960007AB419 /* Build configuration list for PBXProject "SWIP8" */;
			compatibilityVersion = "Xcode 13.0";
			developmentRegion = en;
			hasScannedForEncodings = 0;
			knownRegions = (
				en,
				Base,
			);
			mainGroup = 5DEABB3C2709C960007AB419;
			productRefGroup = 5DEABB462709C960007AB419 /* Products */;
			projectDirPath = "";
			projectRoot = "";
			targets = (
				5DEABB442709C960007AB419 /* SWIP8 */,
				5DEABB5F2709D3A0007AB419 /* SWIP8Tests */,
			);
		};
/* End PBXProject section */

/* Begin PBXResourcesBuildPhase section */
		5DEABB432709C960007AB419 /* Resources */ = {
			isa = PBXResourcesBuildPhase;
			buildActionMask = 2147483647;
			files = (
				5DEABB552709C964007AB419 /* LaunchScreen.storyboard in Resources */,
				5DEABB522709C964007AB419 /* Assets.xcassets in Resources */,
				5DEABB502709C960007AB419 /* Main.storyboard in Resources */,
			);
			runOnlyForDeploymentPostprocessing = 0;
		};
		5DEABB5E2709D3A0007AB419 /* Resources */ = {
			isa = PBXResourcesBuildPhase;
			buildActionMask = 2147483647;
			files = (
			);
			runOnlyForDeploymentPostprocessing = 0;
		};
/* End PBXResourcesBuildPhase section */

/* Begin PBXSourcesBuildPhase section */
		5DEABB412709C960007AB419 /* Sources */ = {
			isa = PBXSourcesBuildPhase;
			buildActionMask = 2147483647;
			files = (
				5DD80ED7270AEA42006ADDFA /* Array+ByteIndexable.swift in Sources */,
				5DEABB4D2709C960007AB419 /* ViewController.swift in Sources */,
				5DD80EE1270B2D32006ADDFA /* InstructionCode.swift in Sources */,
				5DEABB492709C960007AB419 /* AppDelegate.swift in Sources */,
				5DEABB6B2709D713007AB419 /* Emulator.swift in Sources */,
				5DEABB6D2709D769007AB419 /* Instruction.swift in Sources */,
				5DEABB4B2709C960007AB419 /* SceneDelegate.swift in Sources */,
				5DD80EF0270BA821006ADDFA /* UIColor.swift in Sources */,
				5DD80EF1270BA821006ADDFA /* BitScreenView.swift in Sources */,
				5DD80EDB270AF29A006ADDFA /* UInt16.swift in Sources */,
				5DD80ED9270AEA4F006ADDFA /* Array+WordIndexable.swift in Sources */,
				5DD80EDD270B0782006ADDFA /* EmulationError.swift in Sources */,
			);
			runOnlyForDeploymentPostprocessing = 0;
		};
		5DEABB5C2709D3A0007AB419 /* Sources */ = {
			isa = PBXSourcesBuildPhase;
			buildActionMask = 2147483647;
			files = (
				5DD80EDF270B1966006ADDFA /* SWIP8EmulatorDrawTests.swift in Sources */,
				5DD80EEB270BA3F8006ADDFA /* SWIP8KeyboardTests.swift in Sources */,
				5DD80EFB270C213C006ADDFA /* SWIP8JumpTests.swift in Sources */,
				5DD80EF9270BB51B006ADDFA /* SWIP8IndexTests.swift in Sources */,
				5DD80EFD270C2602006ADDFA /* SWIP8RandomTests.swift in Sources */,
				5DEABB73270A30EF007AB419 /* SWIP8EmulatorLoadTests.swift in Sources */,
				5DD80EF3270BAF13006ADDFA /* SWIP8SubroutineTests.swift in Sources */,
				5DD80EF5270BB1C8006ADDFA /* SWIP8SkipTests.swift in Sources */,
				5DD80EED270BA520006ADDFA /* SWIP8ArithmeticTests.swift in Sources */,
				5DEABB71270A0D69007AB419 /* SWIP8ExtendedTests.swift in Sources */,
				5DD80EF7270BB3C1006ADDFA /* SWIP8RegisterTests.swift in Sources */,
				5DEABB632709D3A0007AB419 /* SWIP8InstructionTests.swift in Sources */,
			);
			runOnlyForDeploymentPostprocessing = 0;
		};
/* End PBXSourcesBuildPhase section */

/* Begin PBXTargetDependency section */
		5DEABB652709D3A0007AB419 /* PBXTargetDependency */ = {
			isa = PBXTargetDependency;
			target = 5DEABB442709C960007AB419 /* SWIP8 */;
			targetProxy = 5DEABB642709D3A0007AB419 /* PBXContainerItemProxy */;
		};
/* End PBXTargetDependency section */

/* Begin PBXVariantGroup section */
		5DEABB4E2709C960007AB419 /* Main.storyboard */ = {
			isa = PBXVariantGroup;
			children = (
				5DEABB4F2709C960007AB419 /* Base */,
			);
			name = Main.storyboard;
			sourceTree = "<group>";
		};
		5DEABB532709C964007AB419 /* LaunchScreen.storyboard */ = {
			isa = PBXVariantGroup;
			children = (
				5DEABB542709C964007AB419 /* Base */,
			);
			name = LaunchScreen.storyboard;
			sourceTree = "<group>";
		};
/* End PBXVariantGroup section */

/* Begin XCBuildConfiguration section */
		5DEABB572709C964007AB419 /* Debug */ = {
			isa = XCBuildConfiguration;
			buildSettings = {
				ALWAYS_SEARCH_USER_PATHS = NO;
				CLANG_ANALYZER_NONNULL = YES;
				CLANG_ANALYZER_NUMBER_OBJECT_CONVERSION = YES_AGGRESSIVE;
				CLANG_CXX_LANGUAGE_STANDARD = "gnu++17";
				CLANG_CXX_LIBRARY = "libc++";
				CLANG_ENABLE_MODULES = YES;
				CLANG_ENABLE_OBJC_ARC = YES;
				CLANG_ENABLE_OBJC_WEAK = YES;
				CLANG_WARN_BLOCK_CAPTURE_AUTORELEASING = YES;
				CLANG_WARN_BOOL_CONVERSION = YES;
				CLANG_WARN_COMMA = YES;
				CLANG_WARN_CONSTANT_CONVERSION = YES;
				CLANG_WARN_DEPRECATED_OBJC_IMPLEMENTATIONS = YES;
				CLANG_WARN_DIRECT_OBJC_ISA_USAGE = YES_ERROR;
				CLANG_WARN_DOCUMENTATION_COMMENTS = YES;
				CLANG_WARN_EMPTY_BODY = YES;
				CLANG_WARN_ENUM_CONVERSION = YES;
				CLANG_WARN_INFINITE_RECURSION = YES;
				CLANG_WARN_INT_CONVERSION = YES;
				CLANG_WARN_NON_LITERAL_NULL_CONVERSION = YES;
				CLANG_WARN_OBJC_IMPLICIT_RETAIN_SELF = YES;
				CLANG_WARN_OBJC_LITERAL_CONVERSION = YES;
				CLANG_WARN_OBJC_ROOT_CLASS = YES_ERROR;
				CLANG_WARN_QUOTED_INCLUDE_IN_FRAMEWORK_HEADER = YES;
				CLANG_WARN_RANGE_LOOP_ANALYSIS = YES;
				CLANG_WARN_STRICT_PROTOTYPES = YES;
				CLANG_WARN_SUSPICIOUS_MOVE = YES;
				CLANG_WARN_UNGUARDED_AVAILABILITY = YES_AGGRESSIVE;
				CLANG_WARN_UNREACHABLE_CODE = YES;
				CLANG_WARN__DUPLICATE_METHOD_MATCH = YES;
				COPY_PHASE_STRIP = NO;
				DEBUG_INFORMATION_FORMAT = dwarf;
				ENABLE_STRICT_OBJC_MSGSEND = YES;
				ENABLE_TESTABILITY = YES;
				GCC_C_LANGUAGE_STANDARD = gnu11;
				GCC_DYNAMIC_NO_PIC = NO;
				GCC_NO_COMMON_BLOCKS = YES;
				GCC_OPTIMIZATION_LEVEL = 0;
				GCC_PREPROCESSOR_DEFINITIONS = (
					"DEBUG=1",
					"$(inherited)",
				);
				GCC_WARN_64_TO_32_BIT_CONVERSION = YES;
				GCC_WARN_ABOUT_RETURN_TYPE = YES_ERROR;
				GCC_WARN_UNDECLARED_SELECTOR = YES;
				GCC_WARN_UNINITIALIZED_AUTOS = YES_AGGRESSIVE;
				GCC_WARN_UNUSED_FUNCTION = YES;
				GCC_WARN_UNUSED_VARIABLE = YES;
				IPHONEOS_DEPLOYMENT_TARGET = 15.0;
				MTL_ENABLE_DEBUG_INFO = INCLUDE_SOURCE;
				MTL_FAST_MATH = YES;
				ONLY_ACTIVE_ARCH = YES;
				SDKROOT = iphoneos;
				SWIFT_ACTIVE_COMPILATION_CONDITIONS = DEBUG;
				SWIFT_OPTIMIZATION_LEVEL = "-Onone";
			};
			name = Debug;
		};
		5DEABB582709C964007AB419 /* Release */ = {
			isa = XCBuildConfiguration;
			buildSettings = {
				ALWAYS_SEARCH_USER_PATHS = NO;
				CLANG_ANALYZER_NONNULL = YES;
				CLANG_ANALYZER_NUMBER_OBJECT_CONVERSION = YES_AGGRESSIVE;
				CLANG_CXX_LANGUAGE_STANDARD = "gnu++17";
				CLANG_CXX_LIBRARY = "libc++";
				CLANG_ENABLE_MODULES = YES;
				CLANG_ENABLE_OBJC_ARC = YES;
				CLANG_ENABLE_OBJC_WEAK = YES;
				CLANG_WARN_BLOCK_CAPTURE_AUTORELEASING = YES;
				CLANG_WARN_BOOL_CONVERSION = YES;
				CLANG_WARN_COMMA = YES;
				CLANG_WARN_CONSTANT_CONVERSION = YES;
				CLANG_WARN_DEPRECATED_OBJC_IMPLEMENTATIONS = YES;
				CLANG_WARN_DIRECT_OBJC_ISA_USAGE = YES_ERROR;
				CLANG_WARN_DOCUMENTATION_COMMENTS = YES;
				CLANG_WARN_EMPTY_BODY = YES;
				CLANG_WARN_ENUM_CONVERSION = YES;
				CLANG_WARN_INFINITE_RECURSION = YES;
				CLANG_WARN_INT_CONVERSION = YES;
				CLANG_WARN_NON_LITERAL_NULL_CONVERSION = YES;
				CLANG_WARN_OBJC_IMPLICIT_RETAIN_SELF = YES;
				CLANG_WARN_OBJC_LITERAL_CONVERSION = YES;
				CLANG_WARN_OBJC_ROOT_CLASS = YES_ERROR;
				CLANG_WARN_QUOTED_INCLUDE_IN_FRAMEWORK_HEADER = YES;
				CLANG_WARN_RANGE_LOOP_ANALYSIS = YES;
				CLANG_WARN_STRICT_PROTOTYPES = YES;
				CLANG_WARN_SUSPICIOUS_MOVE = YES;
				CLANG_WARN_UNGUARDED_AVAILABILITY = YES_AGGRESSIVE;
				CLANG_WARN_UNREACHABLE_CODE = YES;
				CLANG_WARN__DUPLICATE_METHOD_MATCH = YES;
				COPY_PHASE_STRIP = NO;
				DEBUG_INFORMATION_FORMAT = "dwarf-with-dsym";
				ENABLE_NS_ASSERTIONS = NO;
				ENABLE_STRICT_OBJC_MSGSEND = YES;
				GCC_C_LANGUAGE_STANDARD = gnu11;
				GCC_NO_COMMON_BLOCKS = YES;
				GCC_WARN_64_TO_32_BIT_CONVERSION = YES;
				GCC_WARN_ABOUT_RETURN_TYPE = YES_ERROR;
				GCC_WARN_UNDECLARED_SELECTOR = YES;
				GCC_WARN_UNINITIALIZED_AUTOS = YES_AGGRESSIVE;
				GCC_WARN_UNUSED_FUNCTION = YES;
				GCC_WARN_UNUSED_VARIABLE = YES;
				IPHONEOS_DEPLOYMENT_TARGET = 15.0;
				MTL_ENABLE_DEBUG_INFO = NO;
				MTL_FAST_MATH = YES;
				SDKROOT = iphoneos;
				SWIFT_COMPILATION_MODE = wholemodule;
				SWIFT_OPTIMIZATION_LEVEL = "-O";
				VALIDATE_PRODUCT = YES;
			};
			name = Release;
		};
		5DEABB5A2709C964007AB419 /* Debug */ = {
			isa = XCBuildConfiguration;
			buildSettings = {
				ASSETCATALOG_COMPILER_APPICON_NAME = AppIcon;
				ASSETCATALOG_COMPILER_GLOBAL_ACCENT_COLOR_NAME = AccentColor;
				CODE_SIGN_STYLE = Automatic;
				CURRENT_PROJECT_VERSION = 1;
				DEVELOPMENT_TEAM = ZJSZZS49UL;
				GENERATE_INFOPLIST_FILE = YES;
				INFOPLIST_FILE = SWIP8/Info.plist;
				INFOPLIST_KEY_UIApplicationSupportsIndirectInputEvents = YES;
				INFOPLIST_KEY_UILaunchStoryboardName = LaunchScreen;
				INFOPLIST_KEY_UIMainStoryboardFile = Main;
				INFOPLIST_KEY_UISupportedInterfaceOrientations = UIInterfaceOrientationPortrait;
				INFOPLIST_KEY_UISupportedInterfaceOrientations_iPad = "UIInterfaceOrientationPortrait UIInterfaceOrientationPortraitUpsideDown UIInterfaceOrientationLandscapeLeft UIInterfaceOrientationLandscapeRight";
				INFOPLIST_KEY_UISupportedInterfaceOrientations_iPhone = "UIInterfaceOrientationPortrait UIInterfaceOrientationLandscapeLeft UIInterfaceOrientationLandscapeRight";
				LD_RUNPATH_SEARCH_PATHS = (
					"$(inherited)",
					"@executable_path/Frameworks",
				);
				MARKETING_VERSION = 1.0;
				PRODUCT_BUNDLE_IDENTIFIER = "Dmitriy-Shmilo.SWIP8";
				PRODUCT_NAME = "$(TARGET_NAME)";
				SWIFT_EMIT_LOC_STRINGS = YES;
				SWIFT_VERSION = 5.0;
				TARGETED_DEVICE_FAMILY = "1,2";
			};
			name = Debug;
		};
		5DEABB5B2709C964007AB419 /* Release */ = {
			isa = XCBuildConfiguration;
			buildSettings = {
				ASSETCATALOG_COMPILER_APPICON_NAME = AppIcon;
				ASSETCATALOG_COMPILER_GLOBAL_ACCENT_COLOR_NAME = AccentColor;
				CODE_SIGN_STYLE = Automatic;
				CURRENT_PROJECT_VERSION = 1;
				DEVELOPMENT_TEAM = ZJSZZS49UL;
				GENERATE_INFOPLIST_FILE = YES;
				INFOPLIST_FILE = SWIP8/Info.plist;
				INFOPLIST_KEY_UIApplicationSupportsIndirectInputEvents = YES;
				INFOPLIST_KEY_UILaunchStoryboardName = LaunchScreen;
				INFOPLIST_KEY_UIMainStoryboardFile = Main;
				INFOPLIST_KEY_UISupportedInterfaceOrientations = UIInterfaceOrientationPortrait;
				INFOPLIST_KEY_UISupportedInterfaceOrientations_iPad = "UIInterfaceOrientationPortrait UIInterfaceOrientationPortraitUpsideDown UIInterfaceOrientationLandscapeLeft UIInterfaceOrientationLandscapeRight";
				INFOPLIST_KEY_UISupportedInterfaceOrientations_iPhone = "UIInterfaceOrientationPortrait UIInterfaceOrientationLandscapeLeft UIInterfaceOrientationLandscapeRight";
				LD_RUNPATH_SEARCH_PATHS = (
					"$(inherited)",
					"@executable_path/Frameworks",
				);
				MARKETING_VERSION = 1.0;
				PRODUCT_BUNDLE_IDENTIFIER = "Dmitriy-Shmilo.SWIP8";
				PRODUCT_NAME = "$(TARGET_NAME)";
				SWIFT_EMIT_LOC_STRINGS = YES;
				SWIFT_VERSION = 5.0;
				TARGETED_DEVICE_FAMILY = "1,2";
			};
			name = Release;
		};
		5DEABB672709D3A0007AB419 /* Debug */ = {
			isa = XCBuildConfiguration;
			buildSettings = {
				BUNDLE_LOADER = "$(TEST_HOST)";
				CODE_SIGN_STYLE = Automatic;
				CURRENT_PROJECT_VERSION = 1;
				DEVELOPMENT_TEAM = ZJSZZS49UL;
				GENERATE_INFOPLIST_FILE = YES;
				LD_RUNPATH_SEARCH_PATHS = (
					"$(inherited)",
					"@executable_path/Frameworks",
					"@loader_path/Frameworks",
				);
				MARKETING_VERSION = 1.0;
				PRODUCT_BUNDLE_IDENTIFIER = "Dmitriy-Shmilo.SWIP8Tests";
				PRODUCT_NAME = "$(TARGET_NAME)";
				SWIFT_EMIT_LOC_STRINGS = NO;
				SWIFT_VERSION = 5.0;
				TARGETED_DEVICE_FAMILY = "1,2";
				TEST_HOST = "$(BUILT_PRODUCTS_DIR)/SWIP8.app/SWIP8";
			};
			name = Debug;
		};
		5DEABB682709D3A0007AB419 /* Release */ = {
			isa = XCBuildConfiguration;
			buildSettings = {
				BUNDLE_LOADER = "$(TEST_HOST)";
				CODE_SIGN_STYLE = Automatic;
				CURRENT_PROJECT_VERSION = 1;
				DEVELOPMENT_TEAM = ZJSZZS49UL;
				GENERATE_INFOPLIST_FILE = YES;
				LD_RUNPATH_SEARCH_PATHS = (
					"$(inherited)",
					"@executable_path/Frameworks",
					"@loader_path/Frameworks",
				);
				MARKETING_VERSION = 1.0;
				PRODUCT_BUNDLE_IDENTIFIER = "Dmitriy-Shmilo.SWIP8Tests";
				PRODUCT_NAME = "$(TARGET_NAME)";
				SWIFT_EMIT_LOC_STRINGS = NO;
				SWIFT_VERSION = 5.0;
				TARGETED_DEVICE_FAMILY = "1,2";
				TEST_HOST = "$(BUILT_PRODUCTS_DIR)/SWIP8.app/SWIP8";
			};
			name = Release;
		};
/* End XCBuildConfiguration section */

/* Begin XCConfigurationList section */
		5DEABB402709C960007AB419 /* Build configuration list for PBXProject "SWIP8" */ = {
			isa = XCConfigurationList;
			buildConfigurations = (
				5DEABB572709C964007AB419 /* Debug */,
				5DEABB582709C964007AB419 /* Release */,
			);
			defaultConfigurationIsVisible = 0;
			defaultConfigurationName = Release;
		};
		5DEABB592709C964007AB419 /* Build configuration list for PBXNativeTarget "SWIP8" */ = {
			isa = XCConfigurationList;
			buildConfigurations = (
				5DEABB5A2709C964007AB419 /* Debug */,
				5DEABB5B2709C964007AB419 /* Release */,
			);
			defaultConfigurationIsVisible = 0;
			defaultConfigurationName = Release;
		};
		5DEABB662709D3A0007AB419 /* Build configuration list for PBXNativeTarget "SWIP8Tests" */ = {
			isa = XCConfigurationList;
			buildConfigurations = (
				5DEABB672709D3A0007AB419 /* Debug */,
				5DEABB682709D3A0007AB419 /* Release */,
			);
			defaultConfigurationIsVisible = 0;
			defaultConfigurationName = Release;
		};
/* End XCConfigurationList section */
	};
	rootObject = 5DEABB3D2709C960007AB419 /* Project object */;
}
